
Microsoft Visual Studio Solution File, Format Version 12.00
# Visual Studio Version 16
VisualStudioVersion = 16.0.29230.47
MinimumVisualStudioVersion = 10.0.40219.1
Project("{FAE04EC0-301F-11D3-BF4B-00C04F79EFBC}") = "Training", "Training.csproj", "{C5C7D2C2-F09C-4CD9-8D13-CD49E0AB870A}"
EndProject
Project("{FAE04EC0-301F-11D3-BF4B-00C04F79EFBC}") = "XUnitTestProject", "..\XUnitTestProject\XUnitTestProject.csproj", "{3717792B-9169-4E3D-B2E7-D2E1B45619D2}"
EndProject
Global
	GlobalSection(SolutionConfigurationPlatforms) = preSolution
		Debug|Any CPU = Debug|Any CPU
		Release|Any CPU = Release|Any CPU
	EndGlobalSection
	GlobalSection(ProjectConfigurationPlatforms) = postSolution
		{C5C7D2C2-F09C-4CD9-8D13-CD49E0AB870A}.Debug|Any CPU.ActiveCfg = Debug|Any CPU
		{C5C7D2C2-F09C-4CD9-8D13-CD49E0AB870A}.Debug|Any CPU.Build.0 = Debug|Any CPU
		{C5C7D2C2-F09C-4CD9-8D13-CD49E0AB870A}.Release|Any CPU.ActiveCfg = Release|Any CPU
		{C5C7D2C2-F09C-4CD9-8D13-CD49E0AB870A}.Release|Any CPU.Build.0 = Release|Any CPU
		{3717792B-9169-4E3D-B2E7-D2E1B45619D2}.Debug|Any CPU.ActiveCfg = Debug|Any CPU
		{3717792B-9169-4E3D-B2E7-D2E1B45619D2}.Debug|Any CPU.Build.0 = Debug|Any CPU
		{3717792B-9169-4E3D-B2E7-D2E1B45619D2}.Release|Any CPU.ActiveCfg = Release|Any CPU
		{3717792B-9169-4E3D-B2E7-D2E1B45619D2}.Release|Any CPU.Build.0 = Release|Any CPU
	EndGlobalSection
	GlobalSection(SolutionProperties) = preSolution
		HideSolutionNode = FALSE
	EndGlobalSection
	GlobalSection(ExtensibilityGlobals) = postSolution
		SolutionGuid = {6329183D-70E0-4379-954C-35376E86CA3A}
	EndGlobalSection
EndGlobal
